# THIS IS AN AUTOGENERATED FILE. DO NOT EDIT THIS FILE DIRECTLY.
# yarn lockfile v1


add-dom-event-listener@1.x:
  version "1.0.2"
  resolved "https://registry.yarnpkg.com/add-dom-event-listener/-/add-dom-event-listener-1.0.2.tgz#8faed2c41008721cf111da1d30d995b85be42bed"
  dependencies:
    object-assign "4.x"

babel-runtime@6.x, babel-runtime@^6.23.0:
  version "6.26.0"
  resolved "https://registry.yarnpkg.com/babel-runtime/-/babel-runtime-6.26.0.tgz#965c7058668e82b55d7bfe04ff2337bc8b5647fe"
  dependencies:
    core-js "^2.4.0"
    regenerator-runtime "^0.11.0"

classnames@2.x:
  version "2.2.6"
  resolved "https://registry.yarnpkg.com/classnames/-/classnames-2.2.6.tgz#43935bffdd291f326dad0a205309b38d00f650ce"

core-js@^2.4.0:
  version "2.5.7"
  resolved "https://registry.yarnpkg.com/core-js/-/core-js-2.5.7.tgz#f972608ff0cead68b841a16a932d0b183791814e"

"js-tokens@^3.0.0 || ^4.0.0":
  version "4.0.0"
  resolved "https://registry.yarnpkg.com/js-tokens/-/js-tokens-4.0.0.tgz#19203fb59991df98e3a287050d4647cdeaf32499"

lodash._getnative@^3.0.0:
  version "3.9.1"
  resolved "https://registry.yarnpkg.com/lodash._getnative/-/lodash._getnative-3.9.1.tgz#570bc7dede46d61cdcde687d65d3eecbaa3aaff5"

lodash.isarguments@^3.0.0:
  version "3.1.0"
  resolved "https://registry.yarnpkg.com/lodash.isarguments/-/lodash.isarguments-3.1.0.tgz#2f573d85c6a24289ff00663b491c1d338ff3458a"

lodash.isarray@^3.0.0:
  version "3.0.4"
  resolved "https://registry.yarnpkg.com/lodash.isarray/-/lodash.isarray-3.0.4.tgz#79e4eb88c36a8122af86f844aa9bcd851b5fbb55"

lodash.keys@^3.1.2:
  version "3.1.2"
  resolved "https://registry.yarnpkg.com/lodash.keys/-/lodash.keys-3.1.2.tgz#4dbc0472b156be50a0b286855d1bd0b0c656098a"
  dependencies:
    lodash._getnative "^3.0.0"
    lodash.isarguments "^3.0.0"
    lodash.isarray "^3.0.0"

loose-envify@^1.3.1:
  version "1.4.0"
  resolved "https://registry.yarnpkg.com/loose-envify/-/loose-envify-1.4.0.tgz#71ee51fa7be4caec1a63839f7e682d8132d30caf"
  dependencies:
    js-tokens "^3.0.0 || ^4.0.0"

object-assign@4.x, object-assign@^4.1.1:
  version "4.1.1"
  resolved "https://registry.yarnpkg.com/object-assign/-/object-assign-4.1.1.tgz#2109adc7965887cfc05cbbd442cac8bfbb360863"

prop-types@15.x, prop-types@^15.5.10:
  version "15.6.2"
  resolved "https://registry.yarnpkg.com/prop-types/-/prop-types-15.6.2.tgz#05d5ca77b4453e985d60fc7ff8c859094a497102"
  dependencies:
    loose-envify "^1.3.1"
    object-assign "^4.1.1"

rc-checkbox@^2.1.5:
  version "2.1.5"
  resolved "https://registry.yarnpkg.com/rc-checkbox/-/rc-checkbox-2.1.5.tgz#411858448c0ee2a797ef8544dac63bcaeef722ef"
  dependencies:
    babel-runtime "^6.23.0"
    classnames "2.x"
    prop-types "15.x"
    rc-util "^4.0.4"

rc-util@^4.0.4:
  version "4.5.1"
  resolved "https://registry.yarnpkg.com/rc-util/-/rc-util-4.5.1.tgz#0e435057174c024901c7600ba8903dd03da3ab39"
  dependencies:
    add-dom-event-listener "1.x"
    babel-runtime "6.x"
    prop-types "^15.5.10"
    shallowequal "^0.2.2"

react-gcaptcha@^4.2.2:
  version "4.2.2"
  resolved "https://registry.yarnpkg.com/react-gcaptcha/-/react-gcaptcha-4.2.2.tgz#20ace1e37c99096a06ee7f787eca897fc2a690d9"

regenerator-runtime@^0.11.0:
  version "0.11.1"
  resolved "https://registry.yarnpkg.com/regenerator-runtime/-/regenerator-runtime-0.11.1.tgz#be05ad7f9bf7d22e056f9726cee5017fbf19e2e9"

shallowequal@^0.2.2:
  version "0.2.2"
  resolved "https://registry.yarnpkg.com/shallowequal/-/shallowequal-0.2.2.tgz#1e32fd5bcab6ad688a4812cb0cc04efc75c7014e"
  dependencies:
    lodash.keys "^3.1.2"
